{
  "requires": true,
  "lockfileVersion": 1,
  "dependencies": {
    "@ngrx/store": {
      "version": "6.1.2",
      "resolved": "https://registry.npmjs.org/@ngrx/store/-/store-6.1.2.tgz",
      "integrity": "sha512-W9MbXrwhIRmN1BlINF9BT+rHR046e1HNk7GqykcDJrK9wW74PJW3aE5iuPb2sTPipBMjPHsXzc73E4U/+OTAyw=="
    },
    "rxjs": {
      "version": "6.3.3",
      "resolved": "https://registry.npmjs.org/rxjs/-/rxjs-6.3.3.tgz",
      "integrity": "sha512-JTWmoY9tWCs7zvIk/CvRjhjGaOd+OVBM987mxFo+OW66cGpdKjZcpmc74ES1sB//7Kl/PAe8+wEakuhG4pcgOw==",
      "requires": {
        "tslib": "^1.9.0"
      }
    },
    "rxjs-compat": {
      "version": "6.3.3",
      "resolved": "https://registry.npmjs.org/rxjs-compat/-/rxjs-compat-6.3.3.tgz",
      "integrity": "sha512-caGN7ixiabHpOofginKEquuHk7GgaCrC7UpUQ9ZqGp80tMc68msadOeP/2AKy2R4YJsT1+TX5GZCtxO82qWkyA=="
    },
    "symbol-observable": {
      "version": "1.2.0",
      "resolved": "https://registry.npmjs.org/symbol-observable/-/symbol-observable-1.2.0.tgz",
      "integrity": "sha512-e900nM8RRtGhlV36KGEU9k65K3mPb1WV70OdjfxlG2EAuM1noi/E/BaW/uMhL7bPEssK8QV57vN3esixjUvcXQ=="
    },
    "tslib": {
      "version": "1.9.3",
      "resolved": "https://registry.npmjs.org/tslib/-/tslib-1.9.3.tgz",
      "integrity": "sha512-4krF8scpejhaOgqzBEcGM7yDIEfi0/8+8zDRZhNZZ2kjmHJ4hv3zCbQWxoJGz1iw5U0Jl0nma13xzHXcncMavQ=="
    }
  }
}
